// !$*UTF8*$!
{
	archiveVersion = 1;
	classes = {
	};
	objectVersion = 50;
	objects = {

/* Begin PBXBuildFile section */
		5F071E2622C09AAB00ED9195 /* EquipmentRow.swift in Sources */ = {isa = PBXBuildFile; fileRef = 5F071E2522C09AAB00ED9195 /* EquipmentRow.swift */; };
		5F0927E822B9F9C700CA26D3 /* HomeView.swift in Sources */ = {isa = PBXBuildFile; fileRef = 5F0927E722B9F9C700CA26D3 /* HomeView.swift */; };
		5F0927F122BA065500CA26D3 /* ResultsModel.swift in Sources */ = {isa = PBXBuildFile; fileRef = 5F0927F022BA065500CA26D3 /* ResultsModel.swift */; };
		5F0927F422BA773200CA26D3 /* ViewModel.swift in Sources */ = {isa = PBXBuildFile; fileRef = 5F0927F322BA773200CA26D3 /* ViewModel.swift */; };
		5F0927F822BA817900CA26D3 /* EngineerRow.swift in Sources */ = {isa = PBXBuildFile; fileRef = 5F0927F722BA817900CA26D3 /* EngineerRow.swift */; };
		5F0FAD8722BCC1D9006BAAAB /* SupplierRow.swift in Sources */ = {isa = PBXBuildFile; fileRef = 5F0FAD8622BCC1D9006BAAAB /* SupplierRow.swift */; };
		5F0FAD8922BCCD09006BAAAB /* SearchResultsView.swift in Sources */ = {isa = PBXBuildFile; fileRef = 5F0FAD8822BCCD09006BAAAB /* SearchResultsView.swift */; };
		5F11AB10238E4048006039BB /* SetUp.swift in Sources */ = {isa = PBXBuildFile; fileRef = 5F11AB0F238E4048006039BB /* SetUp.swift */; };
		5F125CCC22EBE7CC00F6269E /* qrSearchView.swift in Sources */ = {isa = PBXBuildFile; fileRef = 5F125CCB22EBE7CC00F6269E /* qrSearchView.swift */; };
		5F125CD022EBEFBC00F6269E /* ScannerViewController.swift in Sources */ = {isa = PBXBuildFile; fileRef = 5F125CCF22EBEFBC00F6269E /* ScannerViewController.swift */; };
		5F1A165922CC92F00086BCC8 /* EquipmentListView.swift in Sources */ = {isa = PBXBuildFile; fileRef = 5F1A165822CC92F00086BCC8 /* EquipmentListView.swift */; };
		5F23E7B922D57AFF0014F761 /* EventListView.swift in Sources */ = {isa = PBXBuildFile; fileRef = 5F23E7B822D57AFF0014F761 /* EventListView.swift */; };
		5F23E7BB22D57B8E0014F761 /* EventRow.swift in Sources */ = {isa = PBXBuildFile; fileRef = 5F23E7BA22D57B8E0014F761 /* EventRow.swift */; };
		5F23E7BD22D586570014F761 /* EventView.swift in Sources */ = {isa = PBXBuildFile; fileRef = 5F23E7BC22D586570014F761 /* EventView.swift */; };
		5F23E7BF22D58A020014F761 /* ReportView.swift in Sources */ = {isa = PBXBuildFile; fileRef = 5F23E7BE22D58A020014F761 /* ReportView.swift */; };
		5F23E7C122D58C380014F761 /* MoiView.swift in Sources */ = {isa = PBXBuildFile; fileRef = 5F23E7C022D58C380014F761 /* MoiView.swift */; };
		5F283A17230A8A7E00BBA3E8 /* SearchBar.swift in Sources */ = {isa = PBXBuildFile; fileRef = 5F283A16230A8A7E00BBA3E8 /* SearchBar.swift */; };
		5F40BCEF2322299F009AE1EC /* Login.swift in Sources */ = {isa = PBXBuildFile; fileRef = 5F40BCEE2322299F009AE1EC /* Login.swift */; };
		5F53F681243DB9CD008DE3AE /* CodeScannerView.swift in Sources */ = {isa = PBXBuildFile; fileRef = 5F53F680243DB9CD008DE3AE /* CodeScannerView.swift */; };
		5F55792E22BC809C00C79FDE /* EngineerListView.swift in Sources */ = {isa = PBXBuildFile; fileRef = 5F55792D22BC809C00C79FDE /* EngineerListView.swift */; };
		5F623D38236C0C36005FBE57 /* KnowledgeListView.swift in Sources */ = {isa = PBXBuildFile; fileRef = 5F623D37236C0C36005FBE57 /* KnowledgeListView.swift */; };
		5F623D3A236C0C4D005FBE57 /* KnowledgeRow.swift in Sources */ = {isa = PBXBuildFile; fileRef = 5F623D39236C0C4D005FBE57 /* KnowledgeRow.swift */; };
		5FD0A87824371AD80099C773 /* CategoryRow.swift in Sources */ = {isa = PBXBuildFile; fileRef = 5FD0A87724371AD80099C773 /* CategoryRow.swift */; };
		5FE19FEC230FA6D3006F12EC /* PageViewController.swift in Sources */ = {isa = PBXBuildFile; fileRef = 5FE19FEB230FA6D3006F12EC /* PageViewController.swift */; };
		5FFDD88022B91F1C00C2383A /* AppDelegate.swift in Sources */ = {isa = PBXBuildFile; fileRef = 5FFDD87F22B91F1C00C2383A /* AppDelegate.swift */; };
		5FFDD88222B91F1C00C2383A /* SceneDelegate.swift in Sources */ = {isa = PBXBuildFile; fileRef = 5FFDD88122B91F1C00C2383A /* SceneDelegate.swift */; };
		5FFDD88422B91F1C00C2383A /* ContentView.swift in Sources */ = {isa = PBXBuildFile; fileRef = 5FFDD88322B91F1C00C2383A /* ContentView.swift */; };
		5FFDD88622B91F1D00C2383A /* Assets.xcassets in Resources */ = {isa = PBXBuildFile; fileRef = 5FFDD88522B91F1D00C2383A /* Assets.xcassets */; };
		5FFDD88922B91F1D00C2383A /* Preview Assets.xcassets in Resources */ = {isa = PBXBuildFile; fileRef = 5FFDD88822B91F1D00C2383A /* Preview Assets.xcassets */; };
		5FFDD88C22B91F1D00C2383A /* LaunchScreen.storyboard in Resources */ = {isa = PBXBuildFile; fileRef = 5FFDD88A22B91F1D00C2383A /* LaunchScreen.storyboard */; };
/* End PBXBuildFile section */

/* Begin PBXFileReference section */
		5F071E2522C09AAB00ED9195 /* EquipmentRow.swift */ = {isa = PBXFileReference; lastKnownFileType = sourcecode.swift; path = EquipmentRow.swift; sourceTree = "<group>"; };
		5F0927E722B9F9C700CA26D3 /* HomeView.swift */ = {isa = PBXFileReference; lastKnownFileType = sourcecode.swift; path = HomeView.swift; sourceTree = "<group>"; };
		5F0927F022BA065500CA26D3 /* ResultsModel.swift */ = {isa = PBXFileReference; lastKnownFileType = sourcecode.swift; path = ResultsModel.swift; sourceTree = "<group>"; };
		5F0927F322BA773200CA26D3 /* ViewModel.swift */ = {isa = PBXFileReference; lastKnownFileType = sourcecode.swift; path = ViewModel.swift; sourceTree = "<group>"; };
		5F0927F722BA817900CA26D3 /* EngineerRow.swift */ = {isa = PBXFileReference; lastKnownFileType = sourcecode.swift; path = EngineerRow.swift; sourceTree = "<group>"; };
		5F0FAD8622BCC1D9006BAAAB /* SupplierRow.swift */ = {isa = PBXFileReference; lastKnownFileType = sourcecode.swift; path = SupplierRow.swift; sourceTree = "<group>"; };
		5F0FAD8822BCCD09006BAAAB /* SearchResultsView.swift */ = {isa = PBXFileReference; lastKnownFileType = sourcecode.swift; path = SearchResultsView.swift; sourceTree = "<group>"; };
		5F11AB0F238E4048006039BB /* SetUp.swift */ = {isa = PBXFileReference; lastKnownFileType = sourcecode.swift; path = SetUp.swift; sourceTree = "<group>"; };
		5F125CCB22EBE7CC00F6269E /* qrSearchView.swift */ = {isa = PBXFileReference; lastKnownFileType = sourcecode.swift; path = qrSearchView.swift; sourceTree = "<group>"; };
		5F125CCF22EBEFBC00F6269E /* ScannerViewController.swift */ = {isa = PBXFileReference; lastKnownFileType = sourcecode.swift; path = ScannerViewController.swift; sourceTree = "<group>"; };
		5F1A165822CC92F00086BCC8 /* EquipmentListView.swift */ = {isa = PBXFileReference; lastKnownFileType = sourcecode.swift; path = EquipmentListView.swift; sourceTree = "<group>"; };
		5F23E7B822D57AFF0014F761 /* EventListView.swift */ = {isa = PBXFileReference; lastKnownFileType = sourcecode.swift; path = EventListView.swift; sourceTree = "<group>"; };
		5F23E7BA22D57B8E0014F761 /* EventRow.swift */ = {isa = PBXFileReference; lastKnownFileType = sourcecode.swift; path = EventRow.swift; sourceTree = "<group>"; };
		5F23E7BC22D586570014F761 /* EventView.swift */ = {isa = PBXFileReference; lastKnownFileType = sourcecode.swift; path = EventView.swift; sourceTree = "<group>"; };
		5F23E7BE22D58A020014F761 /* ReportView.swift */ = {isa = PBXFileReference; lastKnownFileType = sourcecode.swift; path = ReportView.swift; sourceTree = "<group>"; };
		5F23E7C022D58C380014F761 /* MoiView.swift */ = {isa = PBXFileReference; lastKnownFileType = sourcecode.swift; path = MoiView.swift; sourceTree = "<group>"; };
		5F283A16230A8A7E00BBA3E8 /* SearchBar.swift */ = {isa = PBXFileReference; lastKnownFileType = sourcecode.swift; path = SearchBar.swift; sourceTree = "<group>"; };
		5F40BCEE2322299F009AE1EC /* Login.swift */ = {isa = PBXFileReference; lastKnownFileType = sourcecode.swift; path = Login.swift; sourceTree = "<group>"; };
		5F53F680243DB9CD008DE3AE /* CodeScannerView.swift */ = {isa = PBXFileReference; lastKnownFileType = sourcecode.swift; path = CodeScannerView.swift; sourceTree = "<group>"; };
		5F55792D22BC809C00C79FDE /* EngineerListView.swift */ = {isa = PBXFileReference; lastKnownFileType = sourcecode.swift; path = EngineerListView.swift; sourceTree = "<group>"; };
		5F623D37236C0C36005FBE57 /* KnowledgeListView.swift */ = {isa = PBXFileReference; lastKnownFileType = sourcecode.swift; path = KnowledgeListView.swift; sourceTree = "<group>"; };
		5F623D39236C0C4D005FBE57 /* KnowledgeRow.swift */ = {isa = PBXFileReference; lastKnownFileType = sourcecode.swift; path = KnowledgeRow.swift; sourceTree = "<group>"; };
		5FD0A87724371AD80099C773 /* CategoryRow.swift */ = {isa = PBXFileReference; lastKnownFileType = sourcecode.swift; path = CategoryRow.swift; sourceTree = "<group>"; };
		5FE19FEB230FA6D3006F12EC /* PageViewController.swift */ = {isa = PBXFileReference; lastKnownFileType = sourcecode.swift; path = PageViewController.swift; sourceTree = "<group>"; };
		5FFDD87C22B91F1C00C2383A /* DCIM.app */ = {isa = PBXFileReference; explicitFileType = wrapper.application; includeInIndex = 0; path = DCIM.app; sourceTree = BUILT_PRODUCTS_DIR; };
		5FFDD87F22B91F1C00C2383A /* AppDelegate.swift */ = {isa = PBXFileReference; lastKnownFileType = sourcecode.swift; path = AppDelegate.swift; sourceTree = "<group>"; };
		5FFDD88122B91F1C00C2383A /* SceneDelegate.swift */ = {isa = PBXFileReference; lastKnownFileType = sourcecode.swift; path = SceneDelegate.swift; sourceTree = "<group>"; };
		5FFDD88322B91F1C00C2383A /* ContentView.swift */ = {isa = PBXFileReference; lastKnownFileType = sourcecode.swift; path = ContentView.swift; sourceTree = "<group>"; };
		5FFDD88522B91F1D00C2383A /* Assets.xcassets */ = {isa = PBXFileReference; lastKnownFileType = folder.assetcatalog; path = Assets.xcassets; sourceTree = "<group>"; };
		5FFDD88822B91F1D00C2383A /* Preview Assets.xcassets */ = {isa = PBXFileReference; lastKnownFileType = folder.assetcatalog; path = "Preview Assets.xcassets"; sourceTree = "<group>"; };
		5FFDD88B22B91F1D00C2383A /* Base */ = {isa = PBXFileReference; lastKnownFileType = file.storyboard; name = Base; path = Base.lproj/LaunchScreen.storyboard; sourceTree = "<group>"; };
		5FFDD88D22B91F1D00C2383A /* Info.plist */ = {isa = PBXFileReference; lastKnownFileType = text.plist.xml; path = Info.plist; sourceTree = "<group>"; };
/* End PBXFileReference section */

/* Begin PBXFrameworksBuildPhase section */
		5FFDD87922B91F1C00C2383A /* Frameworks */ = {
			isa = PBXFrameworksBuildPhase;
			buildActionMask = 2147483647;
			files = (
			);
			runOnlyForDeploymentPostprocessing = 0;
		};
/* End PBXFrameworksBuildPhase section */

/* Begin PBXGroup section */
		5F071E2322C079D600ED9195 /* Search */ = {
			isa = PBXGroup;
			children = (
				5F0FAD8822BCCD09006BAAAB /* SearchResultsView.swift */,
				5F283A16230A8A7E00BBA3E8 /* SearchBar.swift */,
			);
			path = Search;
			sourceTree = "<group>";
		};
		5F071E2422C07A2B00ED9195 /* EngineerList */ = {
			isa = PBXGroup;
			children = (
				5F55792D22BC809C00C79FDE /* EngineerListView.swift */,
				5F0FAD8622BCC1D9006BAAAB /* SupplierRow.swift */,
				5F0927F722BA817900CA26D3 /* EngineerRow.swift */,
			);
			path = EngineerList;
			sourceTree = "<group>";
		};
		5F0927ED22BA062800CA26D3 /* Models */ = {
			isa = PBXGroup;
			children = (
				5F0927F022BA065500CA26D3 /* ResultsModel.swift */,
			);
			path = Models;
			sourceTree = "<group>";
		};
		5F0927F222BA771C00CA26D3 /* Networking */ = {
			isa = PBXGroup;
			children = (
				5F0927F322BA773200CA26D3 /* ViewModel.swift */,
			);
			path = Networking;
			sourceTree = "<group>";
		};
		5F1A165A22CC93070086BCC8 /* EquipmentList */ = {
			isa = PBXGroup;
			children = (
				5F1A165822CC92F00086BCC8 /* EquipmentListView.swift */,
				5F071E2522C09AAB00ED9195 /* EquipmentRow.swift */,
			);
			path = EquipmentList;
			sourceTree = "<group>";
		};
		5F23E7B722D577DF0014F761 /* EventList */ = {
			isa = PBXGroup;
			children = (
				5F23E7B822D57AFF0014F761 /* EventListView.swift */,
				5F23E7BA22D57B8E0014F761 /* EventRow.swift */,
			);
			path = EventList;
			sourceTree = "<group>";
		};
		5F623D36236C0C04005FBE57 /* KnowledgeList */ = {
			isa = PBXGroup;
			children = (
				5F623D37236C0C36005FBE57 /* KnowledgeListView.swift */,
				5FD0A87724371AD80099C773 /* CategoryRow.swift */,
				5F623D39236C0C4D005FBE57 /* KnowledgeRow.swift */,
			);
			path = KnowledgeList;
			sourceTree = "<group>";
		};
		5FE19FEA230FA67F006F12EC /* QrCode */ = {
			isa = PBXGroup;
			children = (
				5F125CCB22EBE7CC00F6269E /* qrSearchView.swift */,
				5F125CCF22EBEFBC00F6269E /* ScannerViewController.swift */,
				5FE19FEB230FA6D3006F12EC /* PageViewController.swift */,
				5F53F680243DB9CD008DE3AE /* CodeScannerView.swift */,
			);
			path = QrCode;
			sourceTree = "<group>";
		};
		5FFDD87322B91F1B00C2383A = {
			isa = PBXGroup;
			children = (
				5FFDD87E22B91F1C00C2383A /* DCIM */,
				5FFDD87D22B91F1C00C2383A /* Products */,
			);
			sourceTree = "<group>";
		};
		5FFDD87D22B91F1C00C2383A /* Products */ = {
			isa = PBXGroup;
			children = (
				5FFDD87C22B91F1C00C2383A /* DCIM.app */,
			);
			name = Products;
			sourceTree = "<group>";
		};
		5FFDD87E22B91F1C00C2383A /* DCIM */ = {
			isa = PBXGroup;
			children = (
				5F623D36236C0C04005FBE57 /* KnowledgeList */,
				5FE19FEA230FA67F006F12EC /* QrCode */,
				5F23E7B722D577DF0014F761 /* EventList */,
				5F071E2422C07A2B00ED9195 /* EngineerList */,
				5F1A165A22CC93070086BCC8 /* EquipmentList */,
				5F0927F222BA771C00CA26D3 /* Networking */,
				5F0927ED22BA062800CA26D3 /* Models */,
				5F071E2322C079D600ED9195 /* Search */,
				5FFDD87F22B91F1C00C2383A /* AppDelegate.swift */,
				5FFDD88122B91F1C00C2383A /* SceneDelegate.swift */,
				5FFDD88322B91F1C00C2383A /* ContentView.swift */,
				5F0927E722B9F9C700CA26D3 /* HomeView.swift */,
				5F23E7BC22D586570014F761 /* EventView.swift */,
				5F23E7BE22D58A020014F761 /* ReportView.swift */,
				5F23E7C022D58C380014F761 /* MoiView.swift */,
				5F40BCEE2322299F009AE1EC /* Login.swift */,
				5F11AB0F238E4048006039BB /* SetUp.swift */,
				5FFDD88522B91F1D00C2383A /* Assets.xcassets */,
				5FFDD88A22B91F1D00C2383A /* LaunchScreen.storyboard */,
				5FFDD88D22B91F1D00C2383A /* Info.plist */,
				5FFDD88722B91F1D00C2383A /* Preview Content */,
			);
			path = DCIM;
			sourceTree = "<group>";
		};
		5FFDD88722B91F1D00C2383A /* Preview Content */ = {
			isa = PBXGroup;
			children = (
				5FFDD88822B91F1D00C2383A /* Preview Assets.xcassets */,
			);
			path = "Preview Content";
			sourceTree = "<group>";
		};
/* End PBXGroup section */

/* Begin PBXNativeTarget section */
		5FFDD87B22B91F1C00C2383A /* DCIM */ = {
			isa = PBXNativeTarget;
			buildConfigurationList = 5FFDD89022B91F1D00C2383A /* Build configuration list for PBXNativeTarget "DCIM" */;
			buildPhases = (
				5FFDD87822B91F1C00C2383A /* Sources */,
				5FFDD87922B91F1C00C2383A /* Frameworks */,
				5FFDD87A22B91F1C00C2383A /* Resources */,
			);
			buildRules = (
			);
			dependencies = (
			);
			name = DCIM;
			productName = DCIM;
			productReference = 5FFDD87C22B91F1C00C2383A /* DCIM.app */;
			productType = "com.apple.product-type.application";
		};
/* End PBXNativeTarget section */

/* Begin PBXProject section */
		5FFDD87422B91F1B00C2383A /* Project object */ = {
			isa = PBXProject;
			attributes = {
				LastSwiftUpdateCheck = 1100;
				LastUpgradeCheck = 1100;
				ORGANIZATIONNAME = kunsy;
				TargetAttributes = {
					5FFDD87B22B91F1C00C2383A = {
						CreatedOnToolsVersion = 11.0;
					};
				};
			};
			buildConfigurationList = 5FFDD87722B91F1B00C2383A /* Build configuration list for PBXProject "DCIM" */;
			compatibilityVersion = "Xcode 9.3";
			developmentRegion = en;
			hasScannedForEncodings = 0;
			knownRegions = (
				en,
				Base,
			);
			mainGroup = 5FFDD87322B91F1B00C2383A;
			productRefGroup = 5FFDD87D22B91F1C00C2383A /* Products */;
			projectDirPath = "";
			projectRoot = "";
			targets = (
				5FFDD87B22B91F1C00C2383A /* DCIM */,
			);
		};
/* End PBXProject section */

/* Begin PBXResourcesBuildPhase section */
		5FFDD87A22B91F1C00C2383A /* Resources */ = {
			isa = PBXResourcesBuildPhase;
			buildActionMask = 2147483647;
			files = (
				5FFDD88C22B91F1D00C2383A /* LaunchScreen.storyboard in Resources */,
				5FFDD88922B91F1D00C2383A /* Preview Assets.xcassets in Resources */,
				5FFDD88622B91F1D00C2383A /* Assets.xcassets in Resources */,
			);
			runOnlyForDeploymentPostprocessing = 0;
		};
/* End PBXResourcesBuildPhase section */

/* Begin PBXSourcesBuildPhase section */
		5FFDD87822B91F1C00C2383A /* Sources */ = {
			isa = PBXSourcesBuildPhase;
			buildActionMask = 2147483647;
			files = (
				5FFDD88022B91F1C00C2383A /* AppDelegate.swift in Sources */,
				5F125CCC22EBE7CC00F6269E /* qrSearchView.swift in Sources */,
				5F11AB10238E4048006039BB /* SetUp.swift in Sources */,
				5F0927F822BA817900CA26D3 /* EngineerRow.swift in Sources */,
				5F125CD022EBEFBC00F6269E /* ScannerViewController.swift in Sources */,
				5F23E7BF22D58A020014F761 /* ReportView.swift in Sources */,
				5FD0A87824371AD80099C773 /* CategoryRow.swift in Sources */,
				5F623D3A236C0C4D005FBE57 /* KnowledgeRow.swift in Sources */,
				5F0927E822B9F9C700CA26D3 /* HomeView.swift in Sources */,
				5FFDD88222B91F1C00C2383A /* SceneDelegate.swift in Sources */,
				5F53F681243DB9CD008DE3AE /* CodeScannerView.swift in Sources */,
				5F071E2622C09AAB00ED9195 /* EquipmentRow.swift in Sources */,
				5F0927F422BA773200CA26D3 /* ViewModel.swift in Sources */,
				5F40BCEF2322299F009AE1EC /* Login.swift in Sources */,
				5F0FAD8722BCC1D9006BAAAB /* SupplierRow.swift in Sources */,
				5F55792E22BC809C00C79FDE /* EngineerListView.swift in Sources */,
				5F23E7B922D57AFF0014F761 /* EventListView.swift in Sources */,
				5F23E7BD22D586570014F761 /* EventView.swift in Sources */,
				5F0FAD8922BCCD09006BAAAB /* SearchResultsView.swift in Sources */,
				5F1A165922CC92F00086BCC8 /* EquipmentListView.swift in Sources */,
				5FE19FEC230FA6D3006F12EC /* PageViewController.swift in Sources */,
				5F23E7BB22D57B8E0014F761 /* EventRow.swift in Sources */,
				5F0927F122BA065500CA26D3 /* ResultsModel.swift in Sources */,
				5F283A17230A8A7E00BBA3E8 /* SearchBar.swift in Sources */,
				5FFDD88422B91F1C00C2383A /* ContentView.swift in Sources */,
				5F623D38236C0C36005FBE57 /* KnowledgeListView.swift in Sources */,
				5F23E7C122D58C380014F761 /* MoiView.swift in Sources */,
			);
			runOnlyForDeploymentPostprocessing = 0;
		};
/* End PBXSourcesBuildPhase section */

/* Begin PBXVariantGroup section */
		5FFDD88A22B91F1D00C2383A /* LaunchScreen.storyboard */ = {
			isa = PBXVariantGroup;
			children = (
				5FFDD88B22B91F1D00C2383A /* Base */,
			);
			name = LaunchScreen.storyboard;
			sourceTree = "<group>";
		};
/* End PBXVariantGroup section */

/* Begin XCBuildConfiguration section */
		5FFDD88E22B91F1D00C2383A /* Debug */ = {
			isa = XCBuildConfiguration;
			buildSettings = {
				ALWAYS_SEARCH_USER_PATHS = NO;
				CLANG_ANALYZER_NONNULL = YES;
				CLANG_ANALYZER_NUMBER_OBJECT_CONVERSION = YES_AGGRESSIVE;
				CLANG_CXX_LANGUAGE_STANDARD = "gnu++14";
				CLANG_CXX_LIBRARY = "libc++";
				CLANG_ENABLE_MODULES = YES;
				CLANG_ENABLE_OBJC_ARC = YES;
				CLANG_ENABLE_OBJC_WEAK = YES;
				CLANG_WARN_BLOCK_CAPTURE_AUTORELEASING = YES;
				CLANG_WARN_BOOL_CONVERSION = YES;
				CLANG_WARN_COMMA = YES;
				CLANG_WARN_CONSTANT_CONVERSION = YES;
				CLANG_WARN_DEPRECATED_OBJC_IMPLEMENTATIONS = YES;
				CLANG_WARN_DIRECT_OBJC_ISA_USAGE = YES_ERROR;
				CLANG_WARN_DOCUMENTATION_COMMENTS = YES;
				CLANG_WARN_EMPTY_BODY = YES;
				CLANG_WARN_ENUM_CONVERSION = YES;
				CLANG_WARN_INFINITE_RECURSION = YES;
				CLANG_WARN_INT_CONVERSION = YES;
				CLANG_WARN_NON_LITERAL_NULL_CONVERSION = YES;
				CLANG_WARN_OBJC_IMPLICIT_RETAIN_SELF = YES;
				CLANG_WARN_OBJC_LITERAL_CONVERSION = YES;
				CLANG_WARN_OBJC_ROOT_CLASS = YES_ERROR;
				CLANG_WARN_RANGE_LOOP_ANALYSIS = YES;
				CLANG_WARN_STRICT_PROTOTYPES = YES;
				CLANG_WARN_SUSPICIOUS_MOVE = YES;
				CLANG_WARN_UNGUARDED_AVAILABILITY = YES_AGGRESSIVE;
				CLANG_WARN_UNREACHABLE_CODE = YES;
				CLANG_WARN__DUPLICATE_METHOD_MATCH = YES;
				COPY_PHASE_STRIP = NO;
				DEBUG_INFORMATION_FORMAT = dwarf;
				ENABLE_STRICT_OBJC_MSGSEND = YES;
				ENABLE_TESTABILITY = YES;
				GCC_C_LANGUAGE_STANDARD = gnu11;
				GCC_DYNAMIC_NO_PIC = NO;
				GCC_NO_COMMON_BLOCKS = YES;
				GCC_OPTIMIZATION_LEVEL = 0;
				GCC_PREPROCESSOR_DEFINITIONS = (
					"DEBUG=1",
					"$(inherited)",
				);
				GCC_WARN_64_TO_32_BIT_CONVERSION = YES;
				GCC_WARN_ABOUT_RETURN_TYPE = YES_ERROR;
				GCC_WARN_UNDECLARED_SELECTOR = YES;
				GCC_WARN_UNINITIALIZED_AUTOS = YES_AGGRESSIVE;
				GCC_WARN_UNUSED_FUNCTION = YES;
				GCC_WARN_UNUSED_VARIABLE = YES;
				IPHONEOS_DEPLOYMENT_TARGET = 13.0;
				MTL_ENABLE_DEBUG_INFO = INCLUDE_SOURCE;
				MTL_FAST_MATH = YES;
				ONLY_ACTIVE_ARCH = YES;
				SDKROOT = iphoneos;
				SWIFT_ACTIVE_COMPILATION_CONDITIONS = DEBUG;
				SWIFT_OPTIMIZATION_LEVEL = "-Onone";
			};
			name = Debug;
		};
		5FFDD88F22B91F1D00C2383A /* Release */ = {
			isa = XCBuildConfiguration;
			buildSettings = {
				ALWAYS_SEARCH_USER_PATHS = NO;
				CLANG_ANALYZER_NONNULL = YES;
				CLANG_ANALYZER_NUMBER_OBJECT_CONVERSION = YES_AGGRESSIVE;
				CLANG_CXX_LANGUAGE_STANDARD = "gnu++14";
				CLANG_CXX_LIBRARY = "libc++";
				CLANG_ENABLE_MODULES = YES;
				CLANG_ENABLE_OBJC_ARC = YES;
				CLANG_ENABLE_OBJC_WEAK = YES;
				CLANG_WARN_BLOCK_CAPTURE_AUTORELEASING = YES;
				CLANG_WARN_BOOL_CONVERSION = YES;
				CLANG_WARN_COMMA = YES;
				CLANG_WARN_CONSTANT_CONVERSION = YES;
				CLANG_WARN_DEPRECATED_OBJC_IMPLEMENTATIONS = YES;
				CLANG_WARN_DIRECT_OBJC_ISA_USAGE = YES_ERROR;
				CLANG_WARN_DOCUMENTATION_COMMENTS = YES;
				CLANG_WARN_EMPTY_BODY = YES;
				CLANG_WARN_ENUM_CONVERSION = YES;
				CLANG_WARN_INFINITE_RECURSION = YES;
				CLANG_WARN_INT_CONVERSION = YES;
				CLANG_WARN_NON_LITERAL_NULL_CONVERSION = YES;
				CLANG_WARN_OBJC_IMPLICIT_RETAIN_SELF = YES;
				CLANG_WARN_OBJC_LITERAL_CONVERSION = YES;
				CLANG_WARN_OBJC_ROOT_CLASS = YES_ERROR;
				CLANG_WARN_RANGE_LOOP_ANALYSIS = YES;
				CLANG_WARN_STRICT_PROTOTYPES = YES;
				CLANG_WARN_SUSPICIOUS_MOVE = YES;
				CLANG_WARN_UNGUARDED_AVAILABILITY = YES_AGGRESSIVE;
				CLANG_WARN_UNREACHABLE_CODE = YES;
				CLANG_WARN__DUPLICATE_METHOD_MATCH = YES;
				COPY_PHASE_STRIP = NO;
				DEBUG_INFORMATION_FORMAT = "dwarf-with-dsym";
				ENABLE_NS_ASSERTIONS = NO;
				ENABLE_STRICT_OBJC_MSGSEND = YES;
				GCC_C_LANGUAGE_STANDARD = gnu11;
				GCC_NO_COMMON_BLOCKS = YES;
				GCC_WARN_64_TO_32_BIT_CONVERSION = YES;
				GCC_WARN_ABOUT_RETURN_TYPE = YES_ERROR;
				GCC_WARN_UNDECLARED_SELECTOR = YES;
				GCC_WARN_UNINITIALIZED_AUTOS = YES_AGGRESSIVE;
				GCC_WARN_UNUSED_FUNCTION = YES;
				GCC_WARN_UNUSED_VARIABLE = YES;
				IPHONEOS_DEPLOYMENT_TARGET = 13.0;
				MTL_ENABLE_DEBUG_INFO = NO;
				MTL_FAST_MATH = YES;
				SDKROOT = iphoneos;
				SWIFT_COMPILATION_MODE = wholemodule;
				SWIFT_OPTIMIZATION_LEVEL = "-O";
				VALIDATE_PRODUCT = YES;
			};
			name = Release;
		};
		5FFDD89122B91F1D00C2383A /* Debug */ = {
			isa = XCBuildConfiguration;
			buildSettings = {
				ASSETCATALOG_COMPILER_APPICON_NAME = AppIcon;
				CODE_SIGN_STYLE = Automatic;
				DEVELOPMENT_ASSET_PATHS = "DCIM/Preview\\ Content";
				DEVELOPMENT_TEAM = CF2LA98X5N;
				ENABLE_PREVIEWS = YES;
				INFOPLIST_FILE = DCIM/Info.plist;
				LD_RUNPATH_SEARCH_PATHS = (
					"$(inherited)",
					"@executable_path/Frameworks",
				);
				PRODUCT_BUNDLE_IDENTIFIER = com.kunsy.DCIM;
				PRODUCT_NAME = "$(TARGET_NAME)";
				SWIFT_VERSION = 5.0;
				TARGETED_DEVICE_FAMILY = "1,2";
			};
			name = Debug;
		};
		5FFDD89222B91F1D00C2383A /* Release */ = {
			isa = XCBuildConfiguration;
			buildSettings = {
				ASSETCATALOG_COMPILER_APPICON_NAME = AppIcon;
				CODE_SIGN_STYLE = Automatic;
				DEVELOPMENT_ASSET_PATHS = "DCIM/Preview\\ Content";
				DEVELOPMENT_TEAM = CF2LA98X5N;
				ENABLE_PREVIEWS = YES;
				INFOPLIST_FILE = DCIM/Info.plist;
				LD_RUNPATH_SEARCH_PATHS = (
					"$(inherited)",
					"@executable_path/Frameworks",
				);
				PRODUCT_BUNDLE_IDENTIFIER = com.kunsy.DCIM;
				PRODUCT_NAME = "$(TARGET_NAME)";
				SWIFT_VERSION = 5.0;
				TARGETED_DEVICE_FAMILY = "1,2";
			};
			name = Release;
		};
/* End XCBuildConfiguration section */

/* Begin XCConfigurationList section */
		5FFDD87722B91F1B00C2383A /* Build configuration list for PBXProject "DCIM" */ = {
			isa = XCConfigurationList;
			buildConfigurations = (
				5FFDD88E22B91F1D00C2383A /* Debug */,
				5FFDD88F22B91F1D00C2383A /* Release */,
			);
			defaultConfigurationIsVisible = 0;
			defaultConfigurationName = Release;
		};
		5FFDD89022B91F1D00C2383A /* Build configuration list for PBXNativeTarget "DCIM" */ = {
			isa = XCConfigurationList;
			buildConfigurations = (
				5FFDD89122B91F1D00C2383A /* Debug */,
				5FFDD89222B91F1D00C2383A /* Release */,
			);
			defaultConfigurationIsVisible = 0;
			defaultConfigurationName = Release;
		};
/* End XCConfigurationList section */
	};
	rootObject = 5FFDD87422B91F1B00C2383A /* Project object */;
}
